
Microsoft Visual Studio Solution File, Format Version 12.00
# Visual Studio Version 16
VisualStudioVersion = 16.0.30114.105
MinimumVisualStudioVersion = 10.0.40219.1
Project("{FAE04EC0-301F-11D3-BF4B-00C04F79EFBC}") = "Models", "Models\Models.csproj", "{7F255E2A-D398-4E27-9FBE-C226A49715F3}"
EndProject
Project("{FAE04EC0-301F-11D3-BF4B-00C04F79EFBC}") = "UI", "UI\UI.csproj", "{AD4024D3-C6E8-4991-A5D5-5EC357DCA52C}"
EndProject
Project("{FAE04EC0-301F-11D3-BF4B-00C04F79EFBC}") = "Services", "Services\Services.csproj", "{14C6D909-AE25-4D3C-A66B-907746F3E43A}"
EndProject
Project("{FAE04EC0-301F-11D3-BF4B-00C04F79EFBC}") = "DataAccess", "DataAccess\DataAccess.csproj", "{1D05BF59-86E8-4101-A124-E09BD8F45F25}"
EndProject
Global
	GlobalSection(SolutionConfigurationPlatforms) = preSolution
		Debug|Any CPU = Debug|Any CPU
		Release|Any CPU = Release|Any CPU
	EndGlobalSection
	GlobalSection(SolutionProperties) = preSolution
		HideSolutionNode = FALSE
	EndGlobalSection
	GlobalSection(ProjectConfigurationPlatforms) = postSolution
		{7F255E2A-D398-4E27-9FBE-C226A49715F3}.Debug|Any CPU.ActiveCfg = Debug|Any CPU
		{7F255E2A-D398-4E27-9FBE-C226A49715F3}.Debug|Any CPU.Build.0 = Debug|Any CPU
		{7F255E2A-D398-4E27-9FBE-C226A49715F3}.Release|Any CPU.ActiveCfg = Release|Any CPU
		{7F255E2A-D398-4E27-9FBE-C226A49715F3}.Release|Any CPU.Build.0 = Release|Any CPU
		{AD4024D3-C6E8-4991-A5D5-5EC357DCA52C}.Debug|Any CPU.ActiveCfg = Debug|Any CPU
		{AD4024D3-C6E8-4991-A5D5-5EC357DCA52C}.Debug|Any CPU.Build.0 = Debug|Any CPU
		{AD4024D3-C6E8-4991-A5D5-5EC357DCA52C}.Release|Any CPU.ActiveCfg = Release|Any CPU
		{AD4024D3-C6E8-4991-A5D5-5EC357DCA52C}.Release|Any CPU.Build.0 = Release|Any CPU
		{14C6D909-AE25-4D3C-A66B-907746F3E43A}.Debug|Any CPU.ActiveCfg = Debug|Any CPU
		{14C6D909-AE25-4D3C-A66B-907746F3E43A}.Debug|Any CPU.Build.0 = Debug|Any CPU
		{14C6D909-AE25-4D3C-A66B-907746F3E43A}.Release|Any CPU.ActiveCfg = Release|Any CPU
		{14C6D909-AE25-4D3C-A66B-907746F3E43A}.Release|Any CPU.Build.0 = Release|Any CPU
		{1D05BF59-86E8-4101-A124-E09BD8F45F25}.Debug|Any CPU.ActiveCfg = Debug|Any CPU
		{1D05BF59-86E8-4101-A124-E09BD8F45F25}.Debug|Any CPU.Build.0 = Debug|Any CPU
		{1D05BF59-86E8-4101-A124-E09BD8F45F25}.Release|Any CPU.ActiveCfg = Release|Any CPU
		{1D05BF59-86E8-4101-A124-E09BD8F45F25}.Release|Any CPU.Build.0 = Release|Any CPU
	EndGlobalSection
EndGlobal
